
Microsoft Visual Studio Solution File, Format Version 12.00
Project("{FAE04EC0-301F-11D3-BF4B-00C04F79EFBC}") = "Engine", "Engine\Engine.csproj", "{AD81B212-69F0-4880-A9DC-5C20DB06B461}"
EndProject
Global
	GlobalSection(SolutionConfigurationPlatforms) = preSolution
		Debug|Any CPU = Debug|Any CPU
		Release|Any CPU = Release|Any CPU
	EndGlobalSection
	GlobalSection(ProjectConfigurationPlatforms) = postSolution
		{AD81B212-69F0-4880-A9DC-5C20DB06B461}.Debug|Any CPU.ActiveCfg = Debug|Any CPU
		{AD81B212-69F0-4880-A9DC-5C20DB06B461}.Debug|Any CPU.Build.0 = Debug|Any CPU
		{AD81B212-69F0-4880-A9DC-5C20DB06B461}.Release|Any CPU.ActiveCfg = Release|Any CPU
		{AD81B212-69F0-4880-A9DC-5C20DB06B461}.Release|Any CPU.Build.0 = Release|Any CPU
	EndGlobalSection
EndGlobal
